{
  "name": "example",
  "version": "1.0.0",
  "lockfileVersion": 1,
  "requires": true,
  "dependencies": {
    "auto-copy": {
      "version": "0.2.0",
      "resolved": "https://registry.npmjs.org/auto-copy/-/auto-copy-0.2.0.tgz",
      "integrity": "sha512-rA2cejK5Z9VSXqCav0jcbngRtwo4u9XJ72DfTc2Sr/ier4EkMBF5xdwhm6069H3bOMyCvwGP7YN7ysKu7UdTcw==",
      "dev": true
    }
  }
}
